<?xml version="1.0" encoding="utf-8"?>
<Project ToolsVersion="4.0" xmlns="http://schemas.microsoft.com/developer/msbuild/2003">
  <ItemGroup>
    <Filter Include="include">
      <UniqueIdentifier>{32c710c2-d762-4e87-9b22-30a0566382d2}</UniqueIdentifier>
    </Filter>
    <Filter Include="src">
      <UniqueIdentifier>{9cd55fd7-3b80-443b-9271-53f38a7e5c77}</UniqueIdentifier>
    </Filter>
  </ItemGroup>
  <ItemGroup>
    <ClCompile Include="main.cpp">
      <Filter>src</Filter>
    </ClCompile>
    <ClCompile Include="operation.cpp">
      <Filter>src</Filter>
    </ClCompile>
    <ClCompile Include="operation_factory.cpp">
      <Filter>src</Filter>
    </ClCompile>
    <ClCompile Include="operation_cache.cpp">
      <Filter>src</Filter>
    </ClCompile>
    <ClCompile Include="block.cpp">
      <Filter>src</Filter>
    </ClCompile>
    <ClCompile Include="block_sequence.cpp">
      <Filter>src</Filter>
    </ClCompile>
  </ItemGroup>
  <ItemGroup>
    <ClInclude Include="operation.h">
      <Filter>include</Filter>
    </ClInclude>
    <ClInclude Include="operation_factory.h">
      <Filter>include</Filter>
    </ClInclude>
    <ClInclude Include="operation_cache.h">
      <Filter>include</Filter>
    </ClInclude>
    <ClInclude Include="block.h">
      <Filter>include</Filter>
    </ClInclude>
    <ClInclude Include="block_sequence.h">
      <Filter>include</Filter>
    </ClInclude>
  </ItemGroup>
</Project>